// !$*UTF8*$!
{
	archiveVersion = 1;
	classes = {
	};
	objectVersion = 51;
	objects = {

/* Begin PBXBuildFile section */
		13A259D458F0CE0E7F143CEC /* Pods_routeComposerBug.framework in Frameworks */ = {isa = PBXBuildFile; fileRef = 354499C9FE2F315C101B7C92 /* Pods_routeComposerBug.framework */; };
		AC12612C2310686000089842 /* AppDelegate.swift in Sources */ = {isa = PBXBuildFile; fileRef = AC12612B2310686000089842 /* AppDelegate.swift */; };
		AC12612E2310686000089842 /* ViewController.swift in Sources */ = {isa = PBXBuildFile; fileRef = AC12612D2310686000089842 /* ViewController.swift */; };
		AC1261312310686000089842 /* Main.storyboard in Resources */ = {isa = PBXBuildFile; fileRef = AC12612F2310686000089842 /* Main.storyboard */; };
		AC1261332310686100089842 /* Assets.xcassets in Resources */ = {isa = PBXBuildFile; fileRef = AC1261322310686100089842 /* Assets.xcassets */; };
		AC1261362310686100089842 /* LaunchScreen.storyboard in Resources */ = {isa = PBXBuildFile; fileRef = AC1261342310686100089842 /* LaunchScreen.storyboard */; };
		ACA27F5C231069E800365EDB /* AccountSelectorViewController.xib in Resources */ = {isa = PBXBuildFile; fileRef = ACA27F55231069E700365EDB /* AccountSelectorViewController.xib */; };
		ACA27F5D231069E800365EDB /* GreenViewController.xib in Resources */ = {isa = PBXBuildFile; fileRef = ACA27F56231069E700365EDB /* GreenViewController.xib */; };
		ACA27F5E231069E800365EDB /* AccountSelectorViewController.swift in Sources */ = {isa = PBXBuildFile; fileRef = ACA27F57231069E700365EDB /* AccountSelectorViewController.swift */; };
		ACA27F5F231069E800365EDB /* RedViewController.swift in Sources */ = {isa = PBXBuildFile; fileRef = ACA27F58231069E700365EDB /* RedViewController.swift */; };
		ACA27F60231069E800365EDB /* RedViewController.xib in Resources */ = {isa = PBXBuildFile; fileRef = ACA27F59231069E700365EDB /* RedViewController.xib */; };
		ACA27F61231069E800365EDB /* GreenViewController.swift in Sources */ = {isa = PBXBuildFile; fileRef = ACA27F5A231069E700365EDB /* GreenViewController.swift */; };
		ACA27F62231069E800365EDB /* TabBarViewController.swift in Sources */ = {isa = PBXBuildFile; fileRef = ACA27F5B231069E700365EDB /* TabBarViewController.swift */; };
		ACA27F6423106A8300365EDB /* Path.swift in Sources */ = {isa = PBXBuildFile; fileRef = ACA27F6323106A8300365EDB /* Path.swift */; };
		ACA27F6A23106A8C00365EDB /* Path.swift in Sources */ = {isa = PBXBuildFile; fileRef = ACA27F6523106A8B00365EDB /* Path.swift */; };
		ACA27F6B23106A8C00365EDB /* NavigationContext.swift in Sources */ = {isa = PBXBuildFile; fileRef = ACA27F6623106A8C00365EDB /* NavigationContext.swift */; };
		ACA27F6C23106A8C00365EDB /* TabBarFactory.swift in Sources */ = {isa = PBXBuildFile; fileRef = ACA27F6723106A8C00365EDB /* TabBarFactory.swift */; };
		ACA27F6D23106A8C00365EDB /* Navigation.swift in Sources */ = {isa = PBXBuildFile; fileRef = ACA27F6823106A8C00365EDB /* Navigation.swift */; };
		ACA27F6E23106A8C00365EDB /* ViewController.swift in Sources */ = {isa = PBXBuildFile; fileRef = ACA27F6923106A8C00365EDB /* ViewController.swift */; };
		ACCF9C60231467E200CA7ECE /* ModalVCViewController.xib in Resources */ = {isa = PBXBuildFile; fileRef = ACCF9C5E231467E200CA7ECE /* ModalVCViewController.xib */; };
		ACCF9C61231467E200CA7ECE /* ModalVCViewController.swift in Sources */ = {isa = PBXBuildFile; fileRef = ACCF9C5F231467E200CA7ECE /* ModalVCViewController.swift */; };
/* End PBXBuildFile section */

/* Begin PBXFileReference section */
		354499C9FE2F315C101B7C92 /* Pods_routeComposerBug.framework */ = {isa = PBXFileReference; explicitFileType = wrapper.framework; includeInIndex = 0; path = Pods_routeComposerBug.framework; sourceTree = BUILT_PRODUCTS_DIR; };
		AC1261282310686000089842 /* routeComposerBug.app */ = {isa = PBXFileReference; explicitFileType = wrapper.application; includeInIndex = 0; path = routeComposerBug.app; sourceTree = BUILT_PRODUCTS_DIR; };
		AC12612B2310686000089842 /* AppDelegate.swift */ = {isa = PBXFileReference; lastKnownFileType = sourcecode.swift; path = AppDelegate.swift; sourceTree = "<group>"; };
		AC12612D2310686000089842 /* ViewController.swift */ = {isa = PBXFileReference; lastKnownFileType = sourcecode.swift; path = ViewController.swift; sourceTree = "<group>"; };
		AC1261302310686000089842 /* Base */ = {isa = PBXFileReference; lastKnownFileType = file.storyboard; name = Base; path = Base.lproj/Main.storyboard; sourceTree = "<group>"; };
		AC1261322310686100089842 /* Assets.xcassets */ = {isa = PBXFileReference; lastKnownFileType = folder.assetcatalog; path = Assets.xcassets; sourceTree = "<group>"; };
		AC1261352310686100089842 /* Base */ = {isa = PBXFileReference; lastKnownFileType = file.storyboard; name = Base; path = Base.lproj/LaunchScreen.storyboard; sourceTree = "<group>"; };
		AC1261372310686100089842 /* Info.plist */ = {isa = PBXFileReference; lastKnownFileType = text.plist.xml; path = Info.plist; sourceTree = "<group>"; };
		ACA27F55231069E700365EDB /* AccountSelectorViewController.xib */ = {isa = PBXFileReference; fileEncoding = 4; lastKnownFileType = file.xib; path = AccountSelectorViewController.xib; sourceTree = "<group>"; };
		ACA27F56231069E700365EDB /* GreenViewController.xib */ = {isa = PBXFileReference; fileEncoding = 4; lastKnownFileType = file.xib; path = GreenViewController.xib; sourceTree = "<group>"; };
		ACA27F57231069E700365EDB /* AccountSelectorViewController.swift */ = {isa = PBXFileReference; fileEncoding = 4; lastKnownFileType = sourcecode.swift; path = AccountSelectorViewController.swift; sourceTree = "<group>"; };
		ACA27F58231069E700365EDB /* RedViewController.swift */ = {isa = PBXFileReference; fileEncoding = 4; lastKnownFileType = sourcecode.swift; path = RedViewController.swift; sourceTree = "<group>"; };
		ACA27F59231069E700365EDB /* RedViewController.xib */ = {isa = PBXFileReference; fileEncoding = 4; lastKnownFileType = file.xib; path = RedViewController.xib; sourceTree = "<group>"; };
		ACA27F5A231069E700365EDB /* GreenViewController.swift */ = {isa = PBXFileReference; fileEncoding = 4; lastKnownFileType = sourcecode.swift; path = GreenViewController.swift; sourceTree = "<group>"; };
		ACA27F5B231069E700365EDB /* TabBarViewController.swift */ = {isa = PBXFileReference; fileEncoding = 4; lastKnownFileType = sourcecode.swift; path = TabBarViewController.swift; sourceTree = "<group>"; };
		ACA27F6323106A8300365EDB /* Path.swift */ = {isa = PBXFileReference; fileEncoding = 4; lastKnownFileType = sourcecode.swift; path = Path.swift; sourceTree = "<group>"; };
		ACA27F6523106A8B00365EDB /* Path.swift */ = {isa = PBXFileReference; fileEncoding = 4; lastKnownFileType = sourcecode.swift; path = Path.swift; sourceTree = "<group>"; };
		ACA27F6623106A8C00365EDB /* NavigationContext.swift */ = {isa = PBXFileReference; fileEncoding = 4; lastKnownFileType = sourcecode.swift; path = NavigationContext.swift; sourceTree = "<group>"; };
		ACA27F6723106A8C00365EDB /* TabBarFactory.swift */ = {isa = PBXFileReference; fileEncoding = 4; lastKnownFileType = sourcecode.swift; path = TabBarFactory.swift; sourceTree = "<group>"; };
		ACA27F6823106A8C00365EDB /* Navigation.swift */ = {isa = PBXFileReference; fileEncoding = 4; lastKnownFileType = sourcecode.swift; path = Navigation.swift; sourceTree = "<group>"; };
		ACA27F6923106A8C00365EDB /* ViewController.swift */ = {isa = PBXFileReference; fileEncoding = 4; lastKnownFileType = sourcecode.swift; path = ViewController.swift; sourceTree = "<group>"; };
		ACCF9C5E231467E200CA7ECE /* ModalVCViewController.xib */ = {isa = PBXFileReference; fileEncoding = 4; lastKnownFileType = file.xib; path = ModalVCViewController.xib; sourceTree = "<group>"; };
		ACCF9C5F231467E200CA7ECE /* ModalVCViewController.swift */ = {isa = PBXFileReference; fileEncoding = 4; lastKnownFileType = sourcecode.swift; path = ModalVCViewController.swift; sourceTree = "<group>"; };
		AD71B1775D64BC30D630893B /* Pods-routeComposerBug.release.xcconfig */ = {isa = PBXFileReference; includeInIndex = 1; lastKnownFileType = text.xcconfig; name = "Pods-routeComposerBug.release.xcconfig"; path = "Target Support Files/Pods-routeComposerBug/Pods-routeComposerBug.release.xcconfig"; sourceTree = "<group>"; };
		BE26C664E2ABE5038D692FDD /* Pods-routeComposerBug.debug.xcconfig */ = {isa = PBXFileReference; includeInIndex = 1; lastKnownFileType = text.xcconfig; name = "Pods-routeComposerBug.debug.xcconfig"; path = "Target Support Files/Pods-routeComposerBug/Pods-routeComposerBug.debug.xcconfig"; sourceTree = "<group>"; };
/* End PBXFileReference section */

/* Begin PBXFrameworksBuildPhase section */
		AC1261252310686000089842 /* Frameworks */ = {
			isa = PBXFrameworksBuildPhase;
			buildActionMask = 2147483647;
			files = (
				13A259D458F0CE0E7F143CEC /* Pods_routeComposerBug.framework in Frameworks */,
			);
			runOnlyForDeploymentPostprocessing = 0;
		};
/* End PBXFrameworksBuildPhase section */

/* Begin PBXGroup section */
		43490FEF9699014758243D1D /* Pods */ = {
			isa = PBXGroup;
			children = (
				BE26C664E2ABE5038D692FDD /* Pods-routeComposerBug.debug.xcconfig */,
				AD71B1775D64BC30D630893B /* Pods-routeComposerBug.release.xcconfig */,
			);
			path = Pods;
			sourceTree = "<group>";
		};
		9A15621422AA0435AD65D9A8 /* Frameworks */ = {
			isa = PBXGroup;
			children = (
				354499C9FE2F315C101B7C92 /* Pods_routeComposerBug.framework */,
			);
			name = Frameworks;
			sourceTree = "<group>";
		};
		AC12611F2310686000089842 = {
			isa = PBXGroup;
			children = (
				ACA27F54231069E700365EDB /* ViewControllers */,
				AC12612A2310686000089842 /* routeComposerBug */,
				AC1261292310686000089842 /* Products */,
				43490FEF9699014758243D1D /* Pods */,
				9A15621422AA0435AD65D9A8 /* Frameworks */,
			);
			sourceTree = "<group>";
		};
		AC1261292310686000089842 /* Products */ = {
			isa = PBXGroup;
			children = (
				AC1261282310686000089842 /* routeComposerBug.app */,
			);
			name = Products;
			sourceTree = "<group>";
		};
		AC12612A2310686000089842 /* routeComposerBug */ = {
			isa = PBXGroup;
			children = (
				ACA27F6823106A8C00365EDB /* Navigation.swift */,
				ACA27F6623106A8C00365EDB /* NavigationContext.swift */,
				ACA27F6323106A8300365EDB /* Path.swift */,
				ACA27F6523106A8B00365EDB /* Path.swift */,
				ACA27F6723106A8C00365EDB /* TabBarFactory.swift */,
				ACA27F6923106A8C00365EDB /* ViewController.swift */,
				AC12612B2310686000089842 /* AppDelegate.swift */,
				AC12612D2310686000089842 /* ViewController.swift */,
				AC12612F2310686000089842 /* Main.storyboard */,
				AC1261322310686100089842 /* Assets.xcassets */,
				AC1261342310686100089842 /* LaunchScreen.storyboard */,
				AC1261372310686100089842 /* Info.plist */,
			);
			path = routeComposerBug;
			sourceTree = "<group>";
		};
		ACA27F54231069E700365EDB /* ViewControllers */ = {
			isa = PBXGroup;
			children = (
				ACCF9C5E231467E200CA7ECE /* ModalVCViewController.xib */,
				ACCF9C5F231467E200CA7ECE /* ModalVCViewController.swift */,
				ACA27F56231069E700365EDB /* GreenViewController.xib */,
				ACA27F5A231069E700365EDB /* GreenViewController.swift */,
				ACA27F57231069E700365EDB /* AccountSelectorViewController.swift */,
				ACA27F55231069E700365EDB /* AccountSelectorViewController.xib */,
				ACA27F58231069E700365EDB /* RedViewController.swift */,
				ACA27F59231069E700365EDB /* RedViewController.xib */,
				ACA27F5B231069E700365EDB /* TabBarViewController.swift */,
			);
			name = ViewControllers;
			path = routeComposerBug/ViewControllers;
			sourceTree = "<group>";
		};
/* End PBXGroup section */

/* Begin PBXNativeTarget section */
		AC1261272310686000089842 /* routeComposerBug */ = {
			isa = PBXNativeTarget;
			buildConfigurationList = AC12613A2310686100089842 /* Build configuration list for PBXNativeTarget "routeComposerBug" */;
			buildPhases = (
				BD39F5282508EF24DC7651DB /* [CP] Check Pods Manifest.lock */,
				AC1261242310686000089842 /* Sources */,
				AC1261252310686000089842 /* Frameworks */,
				AC1261262310686000089842 /* Resources */,
				DD791D039D2503DD8C1690CC /* [CP] Embed Pods Frameworks */,
			);
			buildRules = (
			);
			dependencies = (
			);
			name = routeComposerBug;
			productName = routeComposerBug;
			productReference = AC1261282310686000089842 /* routeComposerBug.app */;
			productType = "com.apple.product-type.application";
		};
/* End PBXNativeTarget section */

/* Begin PBXProject section */
		AC1261202310686000089842 /* Project object */ = {
			isa = PBXProject;
			attributes = {
				LastSwiftUpdateCheck = 1020;
				LastUpgradeCheck = 1020;
				ORGANIZATIONNAME = "Artem Tselikov";
				TargetAttributes = {
					AC1261272310686000089842 = {
						CreatedOnToolsVersion = 10.2.1;
					};
				};
			};
			buildConfigurationList = AC1261232310686000089842 /* Build configuration list for PBXProject "routeComposerBug" */;
			compatibilityVersion = "Xcode 9.3";
			developmentRegion = en;
			hasScannedForEncodings = 0;
			knownRegions = (
				en,
				Base,
			);
			mainGroup = AC12611F2310686000089842;
			productRefGroup = AC1261292310686000089842 /* Products */;
			projectDirPath = "";
			projectRoot = "";
			targets = (
				AC1261272310686000089842 /* routeComposerBug */,
			);
		};
/* End PBXProject section */

/* Begin PBXResourcesBuildPhase section */
		AC1261262310686000089842 /* Resources */ = {
			isa = PBXResourcesBuildPhase;
			buildActionMask = 2147483647;
			files = (
				ACA27F60231069E800365EDB /* RedViewController.xib in Resources */,
				AC1261362310686100089842 /* LaunchScreen.storyboard in Resources */,
				ACCF9C60231467E200CA7ECE /* ModalVCViewController.xib in Resources */,
				ACA27F5D231069E800365EDB /* GreenViewController.xib in Resources */,
				ACA27F5C231069E800365EDB /* AccountSelectorViewController.xib in Resources */,
				AC1261332310686100089842 /* Assets.xcassets in Resources */,
				AC1261312310686000089842 /* Main.storyboard in Resources */,
			);
			runOnlyForDeploymentPostprocessing = 0;
		};
/* End PBXResourcesBuildPhase section */

/* Begin PBXShellScriptBuildPhase section */
		BD39F5282508EF24DC7651DB /* [CP] Check Pods Manifest.lock */ = {
			isa = PBXShellScriptBuildPhase;
			buildActionMask = 2147483647;
			files = (
			);
			inputFileListPaths = (
			);
			inputPaths = (
				"${PODS_PODFILE_DIR_PATH}/Podfile.lock",
				"${PODS_ROOT}/Manifest.lock",
			);
			name = "[CP] Check Pods Manifest.lock";
			outputFileListPaths = (
			);
			outputPaths = (
				"$(DERIVED_FILE_DIR)/Pods-routeComposerBug-checkManifestLockResult.txt",
			);
			runOnlyForDeploymentPostprocessing = 0;
			shellPath = /bin/sh;
			shellScript = "diff \"${PODS_PODFILE_DIR_PATH}/Podfile.lock\" \"${PODS_ROOT}/Manifest.lock\" > /dev/null\nif [ $? != 0 ] ; then\n    # print error to STDERR\n    echo \"error: The sandbox is not in sync with the Podfile.lock. Run 'pod install' or update your CocoaPods installation.\" >&2\n    exit 1\nfi\n# This output is used by Xcode 'outputs' to avoid re-running this script phase.\necho \"SUCCESS\" > \"${SCRIPT_OUTPUT_FILE_0}\"\n";
			showEnvVarsInLog = 0;
		};
		DD791D039D2503DD8C1690CC /* [CP] Embed Pods Frameworks */ = {
			isa = PBXShellScriptBuildPhase;
			buildActionMask = 2147483647;
			files = (
			);
			inputFileListPaths = (
				"${PODS_ROOT}/Target Support Files/Pods-routeComposerBug/Pods-routeComposerBug-frameworks-${CONFIGURATION}-input-files.xcfilelist",
			);
			name = "[CP] Embed Pods Frameworks";
			outputFileListPaths = (
				"${PODS_ROOT}/Target Support Files/Pods-routeComposerBug/Pods-routeComposerBug-frameworks-${CONFIGURATION}-output-files.xcfilelist",
			);
			runOnlyForDeploymentPostprocessing = 0;
			shellPath = /bin/sh;
			shellScript = "\"${PODS_ROOT}/Target Support Files/Pods-routeComposerBug/Pods-routeComposerBug-frameworks.sh\"\n";
			showEnvVarsInLog = 0;
		};
/* End PBXShellScriptBuildPhase section */

/* Begin PBXSourcesBuildPhase section */
		AC1261242310686000089842 /* Sources */ = {
			isa = PBXSourcesBuildPhase;
			buildActionMask = 2147483647;
			files = (
				ACA27F5F231069E800365EDB /* RedViewController.swift in Sources */,
				ACA27F6423106A8300365EDB /* Path.swift in Sources */,
				ACA27F6A23106A8C00365EDB /* Path.swift in Sources */,
				ACCF9C61231467E200CA7ECE /* ModalVCViewController.swift in Sources */,
				ACA27F6D23106A8C00365EDB /* Navigation.swift in Sources */,
				AC12612E2310686000089842 /* ViewController.swift in Sources */,
				ACA27F5E231069E800365EDB /* AccountSelectorViewController.swift in Sources */,
				ACA27F6E23106A8C00365EDB /* ViewController.swift in Sources */,
				AC12612C2310686000089842 /* AppDelegate.swift in Sources */,
				ACA27F62231069E800365EDB /* TabBarViewController.swift in Sources */,
				ACA27F61231069E800365EDB /* GreenViewController.swift in Sources */,
				ACA27F6C23106A8C00365EDB /* TabBarFactory.swift in Sources */,
				ACA27F6B23106A8C00365EDB /* NavigationContext.swift in Sources */,
			);
			runOnlyForDeploymentPostprocessing = 0;
		};
/* End PBXSourcesBuildPhase section */

/* Begin PBXVariantGroup section */
		AC12612F2310686000089842 /* Main.storyboard */ = {
			isa = PBXVariantGroup;
			children = (
				AC1261302310686000089842 /* Base */,
			);
			name = Main.storyboard;
			sourceTree = "<group>";
		};
		AC1261342310686100089842 /* LaunchScreen.storyboard */ = {
			isa = PBXVariantGroup;
			children = (
				AC1261352310686100089842 /* Base */,
			);
			name = LaunchScreen.storyboard;
			sourceTree = "<group>";
		};
/* End PBXVariantGroup section */

/* Begin XCBuildConfiguration section */
		AC1261382310686100089842 /* Debug */ = {
			isa = XCBuildConfiguration;
			buildSettings = {
				ALWAYS_SEARCH_USER_PATHS = NO;
				CLANG_ANALYZER_NONNULL = YES;
				CLANG_ANALYZER_NUMBER_OBJECT_CONVERSION = YES_AGGRESSIVE;
				CLANG_CXX_LANGUAGE_STANDARD = "gnu++14";
				CLANG_CXX_LIBRARY = "libc++";
				CLANG_ENABLE_MODULES = YES;
				CLANG_ENABLE_OBJC_ARC = YES;
				CLANG_ENABLE_OBJC_WEAK = YES;
				CLANG_WARN_BLOCK_CAPTURE_AUTORELEASING = YES;
				CLANG_WARN_BOOL_CONVERSION = YES;
				CLANG_WARN_COMMA = YES;
				CLANG_WARN_CONSTANT_CONVERSION = YES;
				CLANG_WARN_DEPRECATED_OBJC_IMPLEMENTATIONS = YES;
				CLANG_WARN_DIRECT_OBJC_ISA_USAGE = YES_ERROR;
				CLANG_WARN_DOCUMENTATION_COMMENTS = YES;
				CLANG_WARN_EMPTY_BODY = YES;
				CLANG_WARN_ENUM_CONVERSION = YES;
				CLANG_WARN_INFINITE_RECURSION = YES;
				CLANG_WARN_INT_CONVERSION = YES;
				CLANG_WARN_NON_LITERAL_NULL_CONVERSION = YES;
				CLANG_WARN_OBJC_IMPLICIT_RETAIN_SELF = YES;
				CLANG_WARN_OBJC_LITERAL_CONVERSION = YES;
				CLANG_WARN_OBJC_ROOT_CLASS = YES_ERROR;
				CLANG_WARN_RANGE_LOOP_ANALYSIS = YES;
				CLANG_WARN_STRICT_PROTOTYPES = YES;
				CLANG_WARN_SUSPICIOUS_MOVE = YES;
				CLANG_WARN_UNGUARDED_AVAILABILITY = YES_AGGRESSIVE;
				CLANG_WARN_UNREACHABLE_CODE = YES;
				CLANG_WARN__DUPLICATE_METHOD_MATCH = YES;
				CODE_SIGN_IDENTITY = "iPhone Developer";
				COPY_PHASE_STRIP = NO;
				DEBUG_INFORMATION_FORMAT = dwarf;
				ENABLE_STRICT_OBJC_MSGSEND = YES;
				ENABLE_TESTABILITY = YES;
				GCC_C_LANGUAGE_STANDARD = gnu11;
				GCC_DYNAMIC_NO_PIC = NO;
				GCC_NO_COMMON_BLOCKS = YES;
				GCC_OPTIMIZATION_LEVEL = 0;
				GCC_PREPROCESSOR_DEFINITIONS = (
					"DEBUG=1",
					"$(inherited)",
				);
				GCC_WARN_64_TO_32_BIT_CONVERSION = YES;
				GCC_WARN_ABOUT_RETURN_TYPE = YES_ERROR;
				GCC_WARN_UNDECLARED_SELECTOR = YES;
				GCC_WARN_UNINITIALIZED_AUTOS = YES_AGGRESSIVE;
				GCC_WARN_UNUSED_FUNCTION = YES;
				GCC_WARN_UNUSED_VARIABLE = YES;
				IPHONEOS_DEPLOYMENT_TARGET = 12.2;
				MTL_ENABLE_DEBUG_INFO = INCLUDE_SOURCE;
				MTL_FAST_MATH = YES;
				ONLY_ACTIVE_ARCH = YES;
				SDKROOT = iphoneos;
				SWIFT_ACTIVE_COMPILATION_CONDITIONS = DEBUG;
				SWIFT_OPTIMIZATION_LEVEL = "-Onone";
			};
			name = Debug;
		};
		AC1261392310686100089842 /* Release */ = {
			isa = XCBuildConfiguration;
			buildSettings = {
				ALWAYS_SEARCH_USER_PATHS = NO;
				CLANG_ANALYZER_NONNULL = YES;
				CLANG_ANALYZER_NUMBER_OBJECT_CONVERSION = YES_AGGRESSIVE;
				CLANG_CXX_LANGUAGE_STANDARD = "gnu++14";
				CLANG_CXX_LIBRARY = "libc++";
				CLANG_ENABLE_MODULES = YES;
				CLANG_ENABLE_OBJC_ARC = YES;
				CLANG_ENABLE_OBJC_WEAK = YES;
				CLANG_WARN_BLOCK_CAPTURE_AUTORELEASING = YES;
				CLANG_WARN_BOOL_CONVERSION = YES;
				CLANG_WARN_COMMA = YES;
				CLANG_WARN_CONSTANT_CONVERSION = YES;
				CLANG_WARN_DEPRECATED_OBJC_IMPLEMENTATIONS = YES;
				CLANG_WARN_DIRECT_OBJC_ISA_USAGE = YES_ERROR;
				CLANG_WARN_DOCUMENTATION_COMMENTS = YES;
				CLANG_WARN_EMPTY_BODY = YES;
				CLANG_WARN_ENUM_CONVERSION = YES;
				CLANG_WARN_INFINITE_RECURSION = YES;
				CLANG_WARN_INT_CONVERSION = YES;
				CLANG_WARN_NON_LITERAL_NULL_CONVERSION = YES;
				CLANG_WARN_OBJC_IMPLICIT_RETAIN_SELF = YES;
				CLANG_WARN_OBJC_LITERAL_CONVERSION = YES;
				CLANG_WARN_OBJC_ROOT_CLASS = YES_ERROR;
				CLANG_WARN_RANGE_LOOP_ANALYSIS = YES;
				CLANG_WARN_STRICT_PROTOTYPES = YES;
				CLANG_WARN_SUSPICIOUS_MOVE = YES;
				CLANG_WARN_UNGUARDED_AVAILABILITY = YES_AGGRESSIVE;
				CLANG_WARN_UNREACHABLE_CODE = YES;
				CLANG_WARN__DUPLICATE_METHOD_MATCH = YES;
				CODE_SIGN_IDENTITY = "iPhone Developer";
				COPY_PHASE_STRIP = NO;
				DEBUG_INFORMATION_FORMAT = "dwarf-with-dsym";
				ENABLE_NS_ASSERTIONS = NO;
				ENABLE_STRICT_OBJC_MSGSEND = YES;
				GCC_C_LANGUAGE_STANDARD = gnu11;
				GCC_NO_COMMON_BLOCKS = YES;
				GCC_WARN_64_TO_32_BIT_CONVERSION = YES;
				GCC_WARN_ABOUT_RETURN_TYPE = YES_ERROR;
				GCC_WARN_UNDECLARED_SELECTOR = YES;
				GCC_WARN_UNINITIALIZED_AUTOS = YES_AGGRESSIVE;
				GCC_WARN_UNUSED_FUNCTION = YES;
				GCC_WARN_UNUSED_VARIABLE = YES;
				IPHONEOS_DEPLOYMENT_TARGET = 12.2;
				MTL_ENABLE_DEBUG_INFO = NO;
				MTL_FAST_MATH = YES;
				SDKROOT = iphoneos;
				SWIFT_COMPILATION_MODE = wholemodule;
				SWIFT_OPTIMIZATION_LEVEL = "-O";
				VALIDATE_PRODUCT = YES;
			};
			name = Release;
		};
		AC12613B2310686100089842 /* Debug */ = {
			isa = XCBuildConfiguration;
			baseConfigurationReference = BE26C664E2ABE5038D692FDD /* Pods-routeComposerBug.debug.xcconfig */;
			buildSettings = {
				ASSETCATALOG_COMPILER_APPICON_NAME = AppIcon;
				CODE_SIGN_STYLE = Automatic;
				INFOPLIST_FILE = routeComposerBug/Info.plist;
				LD_RUNPATH_SEARCH_PATHS = (
					"$(inherited)",
					"@executable_path/Frameworks",
				);
				PRODUCT_BUNDLE_IDENTIFIER = com.tselikov.routeComposerBug;
				PRODUCT_NAME = "$(TARGET_NAME)";
				SWIFT_VERSION = 5.0;
				TARGETED_DEVICE_FAMILY = "1,2";
			};
			name = Debug;
		};
		AC12613C2310686100089842 /* Release */ = {
			isa = XCBuildConfiguration;
			baseConfigurationReference = AD71B1775D64BC30D630893B /* Pods-routeComposerBug.release.xcconfig */;
			buildSettings = {
				ASSETCATALOG_COMPILER_APPICON_NAME = AppIcon;
				CODE_SIGN_STYLE = Automatic;
				INFOPLIST_FILE = routeComposerBug/Info.plist;
				LD_RUNPATH_SEARCH_PATHS = (
					"$(inherited)",
					"@executable_path/Frameworks",
				);
				PRODUCT_BUNDLE_IDENTIFIER = com.tselikov.routeComposerBug;
				PRODUCT_NAME = "$(TARGET_NAME)";
				SWIFT_VERSION = 5.0;
				TARGETED_DEVICE_FAMILY = "1,2";
			};
			name = Release;
		};
/* End XCBuildConfiguration section */

/* Begin XCConfigurationList section */
		AC1261232310686000089842 /* Build configuration list for PBXProject "routeComposerBug" */ = {
			isa = XCConfigurationList;
			buildConfigurations = (
				AC1261382310686100089842 /* Debug */,
				AC1261392310686100089842 /* Release */,
			);
			defaultConfigurationIsVisible = 0;
			defaultConfigurationName = Release;
		};
		AC12613A2310686100089842 /* Build configuration list for PBXNativeTarget "routeComposerBug" */ = {
			isa = XCConfigurationList;
			buildConfigurations = (
				AC12613B2310686100089842 /* Debug */,
				AC12613C2310686100089842 /* Release */,
			);
			defaultConfigurationIsVisible = 0;
			defaultConfigurationName = Release;
		};
/* End XCConfigurationList section */
	};
	rootObject = AC1261202310686000089842 /* Project object */;
}
